
Microsoft Visual Studio Solution File, Format Version 12.00
# Visual Studio 15
VisualStudioVersion = 15.0.26403.7
MinimumVisualStudioVersion = 10.0.40219.1
Project("{2150E333-8FDC-42A3-9474-1A3956D46DE8}") = "src", "src", "{376195FD-8675-4E18-B5D2-1236E13932D8}"
EndProject
Project("{2150E333-8FDC-42A3-9474-1A3956D46DE8}") = "Solution Items", "Solution Items", "{CBA135C2-8B46-4549-BEB5-EBA1368AB6EA}"
EndProject
Project("{9A19103F-16F7-4668-BE54-9A1E7A4F7556}") = "DesignPatterns", "src\DesignPatterns\DesignPatterns.csproj", "{D7726574-DD12-4E86-9715-A497D49F6BB5}"
EndProject
Project("{9A19103F-16F7-4668-BE54-9A1E7A4F7556}") = "AbstractFactoryPatternDemo", "src\AbstractFactoryPatternDemo\AbstractFactoryPatternDemo.csproj", "{89D183CC-2E9F-4F3F-854E-71EB480B710D}"
EndProject
Project("{9A19103F-16F7-4668-BE54-9A1E7A4F7556}") = "SingletonPatternDemo", "src\SingletonPatternDemo\SingletonPatternDemo.csproj", "{3FEFC5FA-2AB9-4E1C-B9B8-BBD25CDB4DAB}"
EndProject
Project("{9A19103F-16F7-4668-BE54-9A1E7A4F7556}") = "BuilderPatternDemo", "src\BuilderPatternDemo\BuilderPatternDemo.csproj", "{7BD91642-3819-454B-A868-B01DA664BC93}"
EndProject
Project("{9A19103F-16F7-4668-BE54-9A1E7A4F7556}") = "IteratorPatternDemo", "src\IteratorPatternDemo\IteratorPatternDemo.csproj", "{73844CC6-55D4-457C-AFD8-8BA0FDD681AD}"
EndProject
Project("{9A19103F-16F7-4668-BE54-9A1E7A4F7556}") = "FactoryPatternDemo", "src\FactoryPatternDemo\FactoryPatternDemo.csproj", "{ABA30C9E-FEC5-42A9-93A7-D2A019365C13}"
EndProject
Project("{9A19103F-16F7-4668-BE54-9A1E7A4F7556}") = "DecoratorPattern", "src\DecoratorPattern\DecoratorPattern.csproj", "{DD357626-C73E-4557-9A52-966E2E3EA2F4}"
EndProject
Project("{FAE04EC0-301F-11D3-BF4B-00C04F79EFBC}") = "StrategyPattern", "src\StrategyPattern\StrategyPattern.csproj", "{92CFB906-6E80-44D2-A7A3-AF6236651AAF}"
EndProject
Project("{FAE04EC0-301F-11D3-BF4B-00C04F79EFBC}") = "AdapterPattern", "src\AdapterPattern\AdapterPattern.csproj", "{CCC9BF54-5C62-465D-AA12-05773493EF29}"
EndProject
Project("{FAE04EC0-301F-11D3-BF4B-00C04F79EFBC}") = "CriteriaPattern", "src\CriteriaPattern\CriteriaPattern.csproj", "{186DBF77-0049-44D5-B41E-A52CCCB41400}"
EndProject
Project("{FAE04EC0-301F-11D3-BF4B-00C04F79EFBC}") = "CompositePattern", "src\CompositePattern\CompositePattern.csproj", "{A5901E5F-442C-444A-89DE-F35C5A066C4C}"
EndProject
Project("{FAE04EC0-301F-11D3-BF4B-00C04F79EFBC}") = "BridgePatternDemo", "src\BridgePatternDemo\BridgePatternDemo.csproj", "{BA30E04D-E14A-44D9-A33F-21A92AEAD9FC}"
EndProject
Project("{FAE04EC0-301F-11D3-BF4B-00C04F79EFBC}") = "FacadePatternDemo", "src\FacadePatternDemo\FacadePatternDemo.csproj", "{27AD0B95-0AFD-44B6-8660-3C660C782730}"
EndProject
Global
	GlobalSection(SolutionConfigurationPlatforms) = preSolution
		Debug|Any CPU = Debug|Any CPU
		Release|Any CPU = Release|Any CPU
	EndGlobalSection
	GlobalSection(ProjectConfigurationPlatforms) = postSolution
		{D7726574-DD12-4E86-9715-A497D49F6BB5}.Debug|Any CPU.ActiveCfg = Debug|Any CPU
		{D7726574-DD12-4E86-9715-A497D49F6BB5}.Debug|Any CPU.Build.0 = Debug|Any CPU
		{D7726574-DD12-4E86-9715-A497D49F6BB5}.Release|Any CPU.ActiveCfg = Release|Any CPU
		{D7726574-DD12-4E86-9715-A497D49F6BB5}.Release|Any CPU.Build.0 = Release|Any CPU
		{89D183CC-2E9F-4F3F-854E-71EB480B710D}.Debug|Any CPU.ActiveCfg = Debug|Any CPU
		{89D183CC-2E9F-4F3F-854E-71EB480B710D}.Debug|Any CPU.Build.0 = Debug|Any CPU
		{89D183CC-2E9F-4F3F-854E-71EB480B710D}.Release|Any CPU.ActiveCfg = Release|Any CPU
		{89D183CC-2E9F-4F3F-854E-71EB480B710D}.Release|Any CPU.Build.0 = Release|Any CPU
		{3FEFC5FA-2AB9-4E1C-B9B8-BBD25CDB4DAB}.Debug|Any CPU.ActiveCfg = Debug|Any CPU
		{3FEFC5FA-2AB9-4E1C-B9B8-BBD25CDB4DAB}.Debug|Any CPU.Build.0 = Debug|Any CPU
		{3FEFC5FA-2AB9-4E1C-B9B8-BBD25CDB4DAB}.Release|Any CPU.ActiveCfg = Release|Any CPU
		{3FEFC5FA-2AB9-4E1C-B9B8-BBD25CDB4DAB}.Release|Any CPU.Build.0 = Release|Any CPU
		{7BD91642-3819-454B-A868-B01DA664BC93}.Debug|Any CPU.ActiveCfg = Debug|Any CPU
		{7BD91642-3819-454B-A868-B01DA664BC93}.Debug|Any CPU.Build.0 = Debug|Any CPU
		{7BD91642-3819-454B-A868-B01DA664BC93}.Release|Any CPU.ActiveCfg = Release|Any CPU
		{7BD91642-3819-454B-A868-B01DA664BC93}.Release|Any CPU.Build.0 = Release|Any CPU
		{73844CC6-55D4-457C-AFD8-8BA0FDD681AD}.Debug|Any CPU.ActiveCfg = Debug|Any CPU
		{73844CC6-55D4-457C-AFD8-8BA0FDD681AD}.Debug|Any CPU.Build.0 = Debug|Any CPU
		{73844CC6-55D4-457C-AFD8-8BA0FDD681AD}.Release|Any CPU.ActiveCfg = Release|Any CPU
		{73844CC6-55D4-457C-AFD8-8BA0FDD681AD}.Release|Any CPU.Build.0 = Release|Any CPU
		{ABA30C9E-FEC5-42A9-93A7-D2A019365C13}.Debug|Any CPU.ActiveCfg = Debug|Any CPU
		{ABA30C9E-FEC5-42A9-93A7-D2A019365C13}.Debug|Any CPU.Build.0 = Debug|Any CPU
		{ABA30C9E-FEC5-42A9-93A7-D2A019365C13}.Release|Any CPU.ActiveCfg = Release|Any CPU
		{ABA30C9E-FEC5-42A9-93A7-D2A019365C13}.Release|Any CPU.Build.0 = Release|Any CPU
		{DD357626-C73E-4557-9A52-966E2E3EA2F4}.Debug|Any CPU.ActiveCfg = Debug|Any CPU
		{DD357626-C73E-4557-9A52-966E2E3EA2F4}.Debug|Any CPU.Build.0 = Debug|Any CPU
		{DD357626-C73E-4557-9A52-966E2E3EA2F4}.Release|Any CPU.ActiveCfg = Release|Any CPU
		{DD357626-C73E-4557-9A52-966E2E3EA2F4}.Release|Any CPU.Build.0 = Release|Any CPU
		{92CFB906-6E80-44D2-A7A3-AF6236651AAF}.Debug|Any CPU.ActiveCfg = Debug|Any CPU
		{92CFB906-6E80-44D2-A7A3-AF6236651AAF}.Debug|Any CPU.Build.0 = Debug|Any CPU
		{92CFB906-6E80-44D2-A7A3-AF6236651AAF}.Release|Any CPU.ActiveCfg = Release|Any CPU
		{92CFB906-6E80-44D2-A7A3-AF6236651AAF}.Release|Any CPU.Build.0 = Release|Any CPU
		{CCC9BF54-5C62-465D-AA12-05773493EF29}.Debug|Any CPU.ActiveCfg = Debug|Any CPU
		{CCC9BF54-5C62-465D-AA12-05773493EF29}.Debug|Any CPU.Build.0 = Debug|Any CPU
		{CCC9BF54-5C62-465D-AA12-05773493EF29}.Release|Any CPU.ActiveCfg = Release|Any CPU
		{CCC9BF54-5C62-465D-AA12-05773493EF29}.Release|Any CPU.Build.0 = Release|Any CPU
		{186DBF77-0049-44D5-B41E-A52CCCB41400}.Debug|Any CPU.ActiveCfg = Debug|Any CPU
		{186DBF77-0049-44D5-B41E-A52CCCB41400}.Debug|Any CPU.Build.0 = Debug|Any CPU
		{186DBF77-0049-44D5-B41E-A52CCCB41400}.Release|Any CPU.ActiveCfg = Release|Any CPU
		{186DBF77-0049-44D5-B41E-A52CCCB41400}.Release|Any CPU.Build.0 = Release|Any CPU
		{A5901E5F-442C-444A-89DE-F35C5A066C4C}.Debug|Any CPU.ActiveCfg = Debug|Any CPU
		{A5901E5F-442C-444A-89DE-F35C5A066C4C}.Debug|Any CPU.Build.0 = Debug|Any CPU
		{A5901E5F-442C-444A-89DE-F35C5A066C4C}.Release|Any CPU.ActiveCfg = Release|Any CPU
		{A5901E5F-442C-444A-89DE-F35C5A066C4C}.Release|Any CPU.Build.0 = Release|Any CPU
		{BA30E04D-E14A-44D9-A33F-21A92AEAD9FC}.Debug|Any CPU.ActiveCfg = Debug|Any CPU
		{BA30E04D-E14A-44D9-A33F-21A92AEAD9FC}.Debug|Any CPU.Build.0 = Debug|Any CPU
		{BA30E04D-E14A-44D9-A33F-21A92AEAD9FC}.Release|Any CPU.ActiveCfg = Release|Any CPU
		{BA30E04D-E14A-44D9-A33F-21A92AEAD9FC}.Release|Any CPU.Build.0 = Release|Any CPU
		{27AD0B95-0AFD-44B6-8660-3C660C782730}.Debug|Any CPU.ActiveCfg = Debug|Any CPU
		{27AD0B95-0AFD-44B6-8660-3C660C782730}.Debug|Any CPU.Build.0 = Debug|Any CPU
		{27AD0B95-0AFD-44B6-8660-3C660C782730}.Release|Any CPU.ActiveCfg = Release|Any CPU
		{27AD0B95-0AFD-44B6-8660-3C660C782730}.Release|Any CPU.Build.0 = Release|Any CPU
	EndGlobalSection
	GlobalSection(SolutionProperties) = preSolution
		HideSolutionNode = FALSE
	EndGlobalSection
	GlobalSection(NestedProjects) = preSolution
		{D7726574-DD12-4E86-9715-A497D49F6BB5} = {376195FD-8675-4E18-B5D2-1236E13932D8}
		{89D183CC-2E9F-4F3F-854E-71EB480B710D} = {376195FD-8675-4E18-B5D2-1236E13932D8}
		{3FEFC5FA-2AB9-4E1C-B9B8-BBD25CDB4DAB} = {376195FD-8675-4E18-B5D2-1236E13932D8}
		{7BD91642-3819-454B-A868-B01DA664BC93} = {376195FD-8675-4E18-B5D2-1236E13932D8}
		{73844CC6-55D4-457C-AFD8-8BA0FDD681AD} = {376195FD-8675-4E18-B5D2-1236E13932D8}
		{ABA30C9E-FEC5-42A9-93A7-D2A019365C13} = {376195FD-8675-4E18-B5D2-1236E13932D8}
		{DD357626-C73E-4557-9A52-966E2E3EA2F4} = {376195FD-8675-4E18-B5D2-1236E13932D8}
		{92CFB906-6E80-44D2-A7A3-AF6236651AAF} = {376195FD-8675-4E18-B5D2-1236E13932D8}
		{CCC9BF54-5C62-465D-AA12-05773493EF29} = {376195FD-8675-4E18-B5D2-1236E13932D8}
		{186DBF77-0049-44D5-B41E-A52CCCB41400} = {376195FD-8675-4E18-B5D2-1236E13932D8}
		{A5901E5F-442C-444A-89DE-F35C5A066C4C} = {376195FD-8675-4E18-B5D2-1236E13932D8}
		{BA30E04D-E14A-44D9-A33F-21A92AEAD9FC} = {376195FD-8675-4E18-B5D2-1236E13932D8}
		{27AD0B95-0AFD-44B6-8660-3C660C782730} = {376195FD-8675-4E18-B5D2-1236E13932D8}
	EndGlobalSection
EndGlobal
